// !$*UTF8*$!
{
	archiveVersion = 1;
	classes = {
	};
	objectVersion = 46;
	objects = {

/* Begin PBXBuildFile section */
		6D1761CB1E89F083000067DE /* Assets.xcassets in Resources */ = {isa = PBXBuildFile; fileRef = 6D1761CA1E89F083000067DE /* Assets.xcassets */; };
		6D1761CE1E89F16D000067DE /* AVFoundation.framework in Frameworks */ = {isa = PBXBuildFile; fileRef = 6D1761CD1E89F16D000067DE /* AVFoundation.framework */; };
		6D1761D21E89F1EE000067DE /* Sound in Resources */ = {isa = PBXBuildFile; fileRef = 6D1761D11E89F1EE000067DE /* Sound */; };
		6D1761DA1E89FBDA000067DE /* WhiteNote.m in Sources */ = {isa = PBXBuildFile; fileRef = 6D1761D91E89FBDA000067DE /* WhiteNote.m */; };
		6D96D8E71E8EA3B3007A89E5 /* BlackNote.m in Sources */ = {isa = PBXBuildFile; fileRef = 6D96D8E61E8EA3B3007A89E5 /* BlackNote.m */; };
		6D96D8EA1E8EC0FE007A89E5 /* ProfileViewController.m in Sources */ = {isa = PBXBuildFile; fileRef = 6D96D8E91E8EC0FE007A89E5 /* ProfileViewController.m */; };
		6DA1DCE71E8EF81900B49083 /* AdSupport.framework in Frameworks */ = {isa = PBXBuildFile; fileRef = 6DA1DCE61E8EF81900B49083 /* AdSupport.framework */; };
		6DA1DCE91E8F0E1200B49083 /* GoogleService-Info.plist in Resources */ = {isa = PBXBuildFile; fileRef = 6DA1DCE81E8F0E1200B49083 /* GoogleService-Info.plist */; };
		6DD289751E897A5400DDE065 /* main.m in Sources */ = {isa = PBXBuildFile; fileRef = 6DD289741E897A5400DDE065 /* main.m */; };
		6DD289781E897A5400DDE065 /* AppDelegate.m in Sources */ = {isa = PBXBuildFile; fileRef = 6DD289771E897A5400DDE065 /* AppDelegate.m */; };
		6DD2897E1E897A5400DDE065 /* Main.storyboard in Resources */ = {isa = PBXBuildFile; fileRef = 6DD2897C1E897A5400DDE065 /* Main.storyboard */; };
		6DD289811E897A5400DDE065 /* Piano.xcdatamodeld in Sources */ = {isa = PBXBuildFile; fileRef = 6DD2897F1E897A5400DDE065 /* Piano.xcdatamodeld */; };
		6DD289861E897A5400DDE065 /* LaunchScreen.storyboard in Resources */ = {isa = PBXBuildFile; fileRef = 6DD289841E897A5400DDE065 /* LaunchScreen.storyboard */; };
		6DD2898F1E897A8F00DDE065 /* RegestrationViewController.m in Sources */ = {isa = PBXBuildFile; fileRef = 6DD2898E1E897A8F00DDE065 /* RegestrationViewController.m */; };
		6DD289921E897BB300DDE065 /* PianoViewController.m in Sources */ = {isa = PBXBuildFile; fileRef = 6DD289911E897BB300DDE065 /* PianoViewController.m */; };
		9F4CC399C4E8C890763359A4 /* libPods-Piano.a in Frameworks */ = {isa = PBXBuildFile; fileRef = 413CAE9C89B92B54D379C3C0 /* libPods-Piano.a */; };
/* End PBXBuildFile section */

/* Begin PBXFileReference section */
		413CAE9C89B92B54D379C3C0 /* libPods-Piano.a */ = {isa = PBXFileReference; explicitFileType = archive.ar; includeInIndex = 0; path = "libPods-Piano.a"; sourceTree = BUILT_PRODUCTS_DIR; };
		4FAC810CF8E8A0544AB9BD64 /* Pods-Piano.debug.xcconfig */ = {isa = PBXFileReference; includeInIndex = 1; lastKnownFileType = text.xcconfig; name = "Pods-Piano.debug.xcconfig"; path = "Pods/Target Support Files/Pods-Piano/Pods-Piano.debug.xcconfig"; sourceTree = "<group>"; };
		6D1761CA1E89F083000067DE /* Assets.xcassets */ = {isa = PBXFileReference; lastKnownFileType = folder.assetcatalog; path = Assets.xcassets; sourceTree = "<group>"; };
		6D1761CD1E89F16D000067DE /* AVFoundation.framework */ = {isa = PBXFileReference; lastKnownFileType = wrapper.framework; name = AVFoundation.framework; path = System/Library/Frameworks/AVFoundation.framework; sourceTree = SDKROOT; };
		6D1761D11E89F1EE000067DE /* Sound */ = {isa = PBXFileReference; lastKnownFileType = folder; path = Sound; sourceTree = "<group>"; };
		6D1761D81E89FBDA000067DE /* WhiteNote.h */ = {isa = PBXFileReference; fileEncoding = 4; lastKnownFileType = sourcecode.c.h; path = WhiteNote.h; sourceTree = "<group>"; };
		6D1761D91E89FBDA000067DE /* WhiteNote.m */ = {isa = PBXFileReference; fileEncoding = 4; lastKnownFileType = sourcecode.c.objc; path = WhiteNote.m; sourceTree = "<group>"; };
		6D96D8E51E8EA3B3007A89E5 /* BlackNote.h */ = {isa = PBXFileReference; fileEncoding = 4; lastKnownFileType = sourcecode.c.h; path = BlackNote.h; sourceTree = "<group>"; };
		6D96D8E61E8EA3B3007A89E5 /* BlackNote.m */ = {isa = PBXFileReference; fileEncoding = 4; lastKnownFileType = sourcecode.c.objc; path = BlackNote.m; sourceTree = "<group>"; };
		6D96D8E81E8EC0FE007A89E5 /* ProfileViewController.h */ = {isa = PBXFileReference; fileEncoding = 4; lastKnownFileType = sourcecode.c.h; path = ProfileViewController.h; sourceTree = "<group>"; };
		6D96D8E91E8EC0FE007A89E5 /* ProfileViewController.m */ = {isa = PBXFileReference; fileEncoding = 4; lastKnownFileType = sourcecode.c.objc; path = ProfileViewController.m; sourceTree = "<group>"; };
		6DA1DCE61E8EF81900B49083 /* AdSupport.framework */ = {isa = PBXFileReference; lastKnownFileType = wrapper.framework; name = AdSupport.framework; path = System/Library/Frameworks/AdSupport.framework; sourceTree = SDKROOT; };
		6DA1DCE81E8F0E1200B49083 /* GoogleService-Info.plist */ = {isa = PBXFileReference; fileEncoding = 4; lastKnownFileType = text.plist.xml; path = "GoogleService-Info.plist"; sourceTree = "<group>"; };
		6DD289701E897A5400DDE065 /* Piano.app */ = {isa = PBXFileReference; explicitFileType = wrapper.application; includeInIndex = 0; path = Piano.app; sourceTree = BUILT_PRODUCTS_DIR; };
		6DD289741E897A5400DDE065 /* main.m */ = {isa = PBXFileReference; lastKnownFileType = sourcecode.c.objc; path = main.m; sourceTree = "<group>"; };
		6DD289761E897A5400DDE065 /* AppDelegate.h */ = {isa = PBXFileReference; lastKnownFileType = sourcecode.c.h; path = AppDelegate.h; sourceTree = "<group>"; };
		6DD289771E897A5400DDE065 /* AppDelegate.m */ = {isa = PBXFileReference; lastKnownFileType = sourcecode.c.objc; path = AppDelegate.m; sourceTree = "<group>"; };
		6DD2897D1E897A5400DDE065 /* Base */ = {isa = PBXFileReference; lastKnownFileType = file.storyboard; name = Base; path = Base.lproj/Main.storyboard; sourceTree = "<group>"; };
		6DD289801E897A5400DDE065 /* Piano.xcdatamodel */ = {isa = PBXFileReference; lastKnownFileType = wrapper.xcdatamodel; path = Piano.xcdatamodel; sourceTree = "<group>"; };
		6DD289851E897A5400DDE065 /* Base */ = {isa = PBXFileReference; lastKnownFileType = file.storyboard; name = Base; path = Base.lproj/LaunchScreen.storyboard; sourceTree = "<group>"; };
		6DD289871E897A5400DDE065 /* Info.plist */ = {isa = PBXFileReference; lastKnownFileType = text.plist.xml; path = Info.plist; sourceTree = "<group>"; };
		6DD2898D1E897A8F00DDE065 /* RegestrationViewController.h */ = {isa = PBXFileReference; fileEncoding = 4; lastKnownFileType = sourcecode.c.h; path = RegestrationViewController.h; sourceTree = "<group>"; };
		6DD2898E1E897A8F00DDE065 /* RegestrationViewController.m */ = {isa = PBXFileReference; fileEncoding = 4; lastKnownFileType = sourcecode.c.objc; path = RegestrationViewController.m; sourceTree = "<group>"; };
		6DD289901E897BB300DDE065 /* PianoViewController.h */ = {isa = PBXFileReference; fileEncoding = 4; lastKnownFileType = sourcecode.c.h; path = PianoViewController.h; sourceTree = "<group>"; };
		6DD289911E897BB300DDE065 /* PianoViewController.m */ = {isa = PBXFileReference; fileEncoding = 4; lastKnownFileType = sourcecode.c.objc; path = PianoViewController.m; sourceTree = "<group>"; };
		E14A279A3E0F7ADC51FA18A4 /* Pods-Piano.release.xcconfig */ = {isa = PBXFileReference; includeInIndex = 1; lastKnownFileType = text.xcconfig; name = "Pods-Piano.release.xcconfig"; path = "Pods/Target Support Files/Pods-Piano/Pods-Piano.release.xcconfig"; sourceTree = "<group>"; };
/* End PBXFileReference section */

/* Begin PBXFrameworksBuildPhase section */
		6DD2896D1E897A5400DDE065 /* Frameworks */ = {
			isa = PBXFrameworksBuildPhase;
			buildActionMask = 2147483647;
			files = (
				6DA1DCE71E8EF81900B49083 /* AdSupport.framework in Frameworks */,
				6D1761CE1E89F16D000067DE /* AVFoundation.framework in Frameworks */,
				9F4CC399C4E8C890763359A4 /* libPods-Piano.a in Frameworks */,
			);
			runOnlyForDeploymentPostprocessing = 0;
		};
/* End PBXFrameworksBuildPhase section */

/* Begin PBXGroup section */
		1536AED1DFCD4D1AA290EDB6 /* Pods */ = {
			isa = PBXGroup;
			children = (
				4FAC810CF8E8A0544AB9BD64 /* Pods-Piano.debug.xcconfig */,
				E14A279A3E0F7ADC51FA18A4 /* Pods-Piano.release.xcconfig */,
			);
			name = Pods;
			sourceTree = "<group>";
		};
		6D1761CC1E89F16D000067DE /* Frameworks */ = {
			isa = PBXGroup;
			children = (
				6DA1DCE61E8EF81900B49083 /* AdSupport.framework */,
				6D1761CD1E89F16D000067DE /* AVFoundation.framework */,
				413CAE9C89B92B54D379C3C0 /* libPods-Piano.a */,
			);
			name = Frameworks;
			sourceTree = "<group>";
		};
		6DD289671E897A5400DDE065 = {
			isa = PBXGroup;
			children = (
				6DD289721E897A5400DDE065 /* Piano */,
				6DD289711E897A5400DDE065 /* Products */,
				6D1761CC1E89F16D000067DE /* Frameworks */,
				1536AED1DFCD4D1AA290EDB6 /* Pods */,
			);
			sourceTree = "<group>";
		};
		6DD289711E897A5400DDE065 /* Products */ = {
			isa = PBXGroup;
			children = (
				6DD289701E897A5400DDE065 /* Piano.app */,
			);
			name = Products;
			sourceTree = "<group>";
		};
		6DD289721E897A5400DDE065 /* Piano */ = {
			isa = PBXGroup;
			children = (
				6DD289761E897A5400DDE065 /* AppDelegate.h */,
				6DD289771E897A5400DDE065 /* AppDelegate.m */,
				6DD2898D1E897A8F00DDE065 /* RegestrationViewController.h */,
				6DD2898E1E897A8F00DDE065 /* RegestrationViewController.m */,
				6DD289901E897BB300DDE065 /* PianoViewController.h */,
				6DD289911E897BB300DDE065 /* PianoViewController.m */,
				6D96D8E81E8EC0FE007A89E5 /* ProfileViewController.h */,
				6D96D8E91E8EC0FE007A89E5 /* ProfileViewController.m */,
				6DD2897C1E897A5400DDE065 /* Main.storyboard */,
				6DD289841E897A5400DDE065 /* LaunchScreen.storyboard */,
				6D1761CA1E89F083000067DE /* Assets.xcassets */,
				6D1761D11E89F1EE000067DE /* Sound */,
				6DD289871E897A5400DDE065 /* Info.plist */,
				6DA1DCE81E8F0E1200B49083 /* GoogleService-Info.plist */,
				6DD2897F1E897A5400DDE065 /* Piano.xcdatamodeld */,
				6DD289731E897A5400DDE065 /* Supporting Files */,
				6D96D8E51E8EA3B3007A89E5 /* BlackNote.h */,
				6D96D8E61E8EA3B3007A89E5 /* BlackNote.m */,
				6D1761D81E89FBDA000067DE /* WhiteNote.h */,
				6D1761D91E89FBDA000067DE /* WhiteNote.m */,
			);
			path = Piano;
			sourceTree = "<group>";
		};
		6DD289731E897A5400DDE065 /* Supporting Files */ = {
			isa = PBXGroup;
			children = (
				6DD289741E897A5400DDE065 /* main.m */,
			);
			name = "Supporting Files";
			sourceTree = "<group>";
		};
/* End PBXGroup section */

/* Begin PBXNativeTarget section */
		6DD2896F1E897A5400DDE065 /* Piano */ = {
			isa = PBXNativeTarget;
			buildConfigurationList = 6DD2898A1E897A5400DDE065 /* Build configuration list for PBXNativeTarget "Piano" */;
			buildPhases = (
				2CF87FC600FB0D1792772FA4 /* [CP] Check Pods Manifest.lock */,
				6DD2896C1E897A5400DDE065 /* Sources */,
				6DD2896D1E897A5400DDE065 /* Frameworks */,
				6DD2896E1E897A5400DDE065 /* Resources */,
				0E7C332BA845EF7C58ADE45E /* [CP] Embed Pods Frameworks */,
				92ED307DEE4FE1D974C25AE2 /* [CP] Copy Pods Resources */,
			);
			buildRules = (
			);
			dependencies = (
			);
			name = Piano;
			productName = Piano;
			productReference = 6DD289701E897A5400DDE065 /* Piano.app */;
			productType = "com.apple.product-type.application";
		};
/* End PBXNativeTarget section */

/* Begin PBXProject section */
		6DD289681E897A5400DDE065 /* Project object */ = {
			isa = PBXProject;
			attributes = {
				LastUpgradeCheck = 0820;
				ORGANIZATIONNAME = Andranik;
				TargetAttributes = {
					6DD2896F1E897A5400DDE065 = {
						CreatedOnToolsVersion = 8.2.1;
						DevelopmentTeam = 2W9FL4MX5Q;
						ProvisioningStyle = Automatic;
					};
				};
			};
			buildConfigurationList = 6DD2896B1E897A5400DDE065 /* Build configuration list for PBXProject "Piano" */;
			compatibilityVersion = "Xcode 3.2";
			developmentRegion = English;
			hasScannedForEncodings = 0;
			knownRegions = (
				en,
				Base,
			);
			mainGroup = 6DD289671E897A5400DDE065;
			productRefGroup = 6DD289711E897A5400DDE065 /* Products */;
			projectDirPath = "";
			projectRoot = "";
			targets = (
				6DD2896F1E897A5400DDE065 /* Piano */,
			);
		};
/* End PBXProject section */

/* Begin PBXResourcesBuildPhase section */
		6DD2896E1E897A5400DDE065 /* Resources */ = {
			isa = PBXResourcesBuildPhase;
			buildActionMask = 2147483647;
			files = (
				6DD289861E897A5400DDE065 /* LaunchScreen.storyboard in Resources */,
				6D1761CB1E89F083000067DE /* Assets.xcassets in Resources */,
				6DA1DCE91E8F0E1200B49083 /* GoogleService-Info.plist in Resources */,
				6D1761D21E89F1EE000067DE /* Sound in Resources */,
				6DD2897E1E897A5400DDE065 /* Main.storyboard in Resources */,
			);
			runOnlyForDeploymentPostprocessing = 0;
		};
/* End PBXResourcesBuildPhase section */

/* Begin PBXShellScriptBuildPhase section */
		0E7C332BA845EF7C58ADE45E /* [CP] Embed Pods Frameworks */ = {
			isa = PBXShellScriptBuildPhase;
			buildActionMask = 2147483647;
			files = (
			);
			inputPaths = (
			);
			name = "[CP] Embed Pods Frameworks";
			outputPaths = (
			);
			runOnlyForDeploymentPostprocessing = 0;
			shellPath = /bin/sh;
			shellScript = "\"${SRCROOT}/Pods/Target Support Files/Pods-Piano/Pods-Piano-frameworks.sh\"\n";
			showEnvVarsInLog = 0;
		};
		2CF87FC600FB0D1792772FA4 /* [CP] Check Pods Manifest.lock */ = {
			isa = PBXShellScriptBuildPhase;
			buildActionMask = 2147483647;
			files = (
			);
			inputPaths = (
			);
			name = "[CP] Check Pods Manifest.lock";
			outputPaths = (
			);
			runOnlyForDeploymentPostprocessing = 0;
			shellPath = /bin/sh;
			shellScript = "diff \"${PODS_ROOT}/../Podfile.lock\" \"${PODS_ROOT}/Manifest.lock\" > /dev/null\nif [ $? != 0 ] ; then\n    # print error to STDERR\n    echo \"error: The sandbox is not in sync with the Podfile.lock. Run 'pod install' or update your CocoaPods installation.\" >&2\n    exit 1\nfi\n";
			showEnvVarsInLog = 0;
		};
		92ED307DEE4FE1D974C25AE2 /* [CP] Copy Pods Resources */ = {
			isa = PBXShellScriptBuildPhase;
			buildActionMask = 2147483647;
			files = (
			);
			inputPaths = (
			);
			name = "[CP] Copy Pods Resources";
			outputPaths = (
			);
			runOnlyForDeploymentPostprocessing = 0;
			shellPath = /bin/sh;
			shellScript = "\"${SRCROOT}/Pods/Target Support Files/Pods-Piano/Pods-Piano-resources.sh\"\n";
			showEnvVarsInLog = 0;
		};
/* End PBXShellScriptBuildPhase section */

/* Begin PBXSourcesBuildPhase section */
		6DD2896C1E897A5400DDE065 /* Sources */ = {
			isa = PBXSourcesBuildPhase;
			buildActionMask = 2147483647;
			files = (
				6DD289811E897A5400DDE065 /* Piano.xcdatamodeld in Sources */,
				6DD2898F1E897A8F00DDE065 /* RegestrationViewController.m in Sources */,
				6D96D8EA1E8EC0FE007A89E5 /* ProfileViewController.m in Sources */,
				6DD289921E897BB300DDE065 /* PianoViewController.m in Sources */,
				6DD289781E897A5400DDE065 /* AppDelegate.m in Sources */,
				6D96D8E71E8EA3B3007A89E5 /* BlackNote.m in Sources */,
				6DD289751E897A5400DDE065 /* main.m in Sources */,
				6D1761DA1E89FBDA000067DE /* WhiteNote.m in Sources */,
			);
			runOnlyForDeploymentPostprocessing = 0;
		};
/* End PBXSourcesBuildPhase section */

/* Begin PBXVariantGroup section */
		6DD2897C1E897A5400DDE065 /* Main.storyboard */ = {
			isa = PBXVariantGroup;
			children = (
				6DD2897D1E897A5400DDE065 /* Base */,
			);
			name = Main.storyboard;
			sourceTree = "<group>";
		};
		6DD289841E897A5400DDE065 /* LaunchScreen.storyboard */ = {
			isa = PBXVariantGroup;
			children = (
				6DD289851E897A5400DDE065 /* Base */,
			);
			name = LaunchScreen.storyboard;
			sourceTree = "<group>";
		};
/* End PBXVariantGroup section */

/* Begin XCBuildConfiguration section */
		6DD289881E897A5400DDE065 /* Debug */ = {
			isa = XCBuildConfiguration;
			buildSettings = {
				ALWAYS_SEARCH_USER_PATHS = NO;
				CLANG_ANALYZER_NONNULL = YES;
				CLANG_CXX_LANGUAGE_STANDARD = "gnu++0x";
				CLANG_CXX_LIBRARY = "libc++";
				CLANG_ENABLE_MODULES = YES;
				CLANG_ENABLE_OBJC_ARC = YES;
				CLANG_WARN_BOOL_CONVERSION = YES;
				CLANG_WARN_CONSTANT_CONVERSION = YES;
				CLANG_WARN_DIRECT_OBJC_ISA_USAGE = YES_ERROR;
				CLANG_WARN_DOCUMENTATION_COMMENTS = YES;
				CLANG_WARN_EMPTY_BODY = YES;
				CLANG_WARN_ENUM_CONVERSION = YES;
				CLANG_WARN_INFINITE_RECURSION = YES;
				CLANG_WARN_INT_CONVERSION = YES;
				CLANG_WARN_OBJC_ROOT_CLASS = YES_ERROR;
				CLANG_WARN_SUSPICIOUS_MOVE = YES;
				CLANG_WARN_UNREACHABLE_CODE = YES;
				CLANG_WARN__DUPLICATE_METHOD_MATCH = YES;
				"CODE_SIGN_IDENTITY[sdk=iphoneos*]" = "iPhone Developer";
				COPY_PHASE_STRIP = NO;
				DEBUG_INFORMATION_FORMAT = dwarf;
				ENABLE_STRICT_OBJC_MSGSEND = YES;
				ENABLE_TESTABILITY = YES;
				GCC_C_LANGUAGE_STANDARD = gnu99;
				GCC_DYNAMIC_NO_PIC = NO;
				GCC_NO_COMMON_BLOCKS = YES;
				GCC_OPTIMIZATION_LEVEL = 0;
				GCC_PREPROCESSOR_DEFINITIONS = (
					"DEBUG=1",
					"$(inherited)",
				);
				GCC_WARN_64_TO_32_BIT_CONVERSION = YES;
				GCC_WARN_ABOUT_RETURN_TYPE = YES_ERROR;
				GCC_WARN_UNDECLARED_SELECTOR = YES;
				GCC_WARN_UNINITIALIZED_AUTOS = YES_AGGRESSIVE;
				GCC_WARN_UNUSED_FUNCTION = YES;
				GCC_WARN_UNUSED_VARIABLE = YES;
				IPHONEOS_DEPLOYMENT_TARGET = 10.2;
				MTL_ENABLE_DEBUG_INFO = YES;
				ONLY_ACTIVE_ARCH = YES;
				SDKROOT = iphoneos;
				TARGETED_DEVICE_FAMILY = "1,2";
			};
			name = Debug;
		};
		6DD289891E897A5400DDE065 /* Release */ = {
			isa = XCBuildConfiguration;
			buildSettings = {
				ALWAYS_SEARCH_USER_PATHS = NO;
				CLANG_ANALYZER_NONNULL = YES;
				CLANG_CXX_LANGUAGE_STANDARD = "gnu++0x";
				CLANG_CXX_LIBRARY = "libc++";
				CLANG_ENABLE_MODULES = YES;
				CLANG_ENABLE_OBJC_ARC = YES;
				CLANG_WARN_BOOL_CONVERSION = YES;
				CLANG_WARN_CONSTANT_CONVERSION = YES;
				CLANG_WARN_DIRECT_OBJC_ISA_USAGE = YES_ERROR;
				CLANG_WARN_DOCUMENTATION_COMMENTS = YES;
				CLANG_WARN_EMPTY_BODY = YES;
				CLANG_WARN_ENUM_CONVERSION = YES;
				CLANG_WARN_INFINITE_RECURSION = YES;
				CLANG_WARN_INT_CONVERSION = YES;
				CLANG_WARN_OBJC_ROOT_CLASS = YES_ERROR;
				CLANG_WARN_SUSPICIOUS_MOVE = YES;
				CLANG_WARN_UNREACHABLE_CODE = YES;
				CLANG_WARN__DUPLICATE_METHOD_MATCH = YES;
				"CODE_SIGN_IDENTITY[sdk=iphoneos*]" = "iPhone Developer";
				COPY_PHASE_STRIP = NO;
				DEBUG_INFORMATION_FORMAT = "dwarf-with-dsym";
				ENABLE_NS_ASSERTIONS = NO;
				ENABLE_STRICT_OBJC_MSGSEND = YES;
				GCC_C_LANGUAGE_STANDARD = gnu99;
				GCC_NO_COMMON_BLOCKS = YES;
				GCC_WARN_64_TO_32_BIT_CONVERSION = YES;
				GCC_WARN_ABOUT_RETURN_TYPE = YES_ERROR;
				GCC_WARN_UNDECLARED_SELECTOR = YES;
				GCC_WARN_UNINITIALIZED_AUTOS = YES_AGGRESSIVE;
				GCC_WARN_UNUSED_FUNCTION = YES;
				GCC_WARN_UNUSED_VARIABLE = YES;
				IPHONEOS_DEPLOYMENT_TARGET = 10.2;
				MTL_ENABLE_DEBUG_INFO = NO;
				SDKROOT = iphoneos;
				TARGETED_DEVICE_FAMILY = "1,2";
				VALIDATE_PRODUCT = YES;
			};
			name = Release;
		};
		6DD2898B1E897A5400DDE065 /* Debug */ = {
			isa = XCBuildConfiguration;
			baseConfigurationReference = 4FAC810CF8E8A0544AB9BD64 /* Pods-Piano.debug.xcconfig */;
			buildSettings = {
				ASSETCATALOG_COMPILER_APPICON_NAME = AppIcon;
				DEVELOPMENT_TEAM = 2W9FL4MX5Q;
				INFOPLIST_FILE = Piano/Info.plist;
				LD_RUNPATH_SEARCH_PATHS = "$(inherited) @executable_path/Frameworks";
				PRODUCT_BUNDLE_IDENTIFIER = AA.Piano;
				PRODUCT_NAME = "$(TARGET_NAME)";
			};
			name = Debug;
		};
		6DD2898C1E897A5400DDE065 /* Release */ = {
			isa = XCBuildConfiguration;
			baseConfigurationReference = E14A279A3E0F7ADC51FA18A4 /* Pods-Piano.release.xcconfig */;
			buildSettings = {
				ASSETCATALOG_COMPILER_APPICON_NAME = AppIcon;
				DEVELOPMENT_TEAM = 2W9FL4MX5Q;
				INFOPLIST_FILE = Piano/Info.plist;
				LD_RUNPATH_SEARCH_PATHS = "$(inherited) @executable_path/Frameworks";
				PRODUCT_BUNDLE_IDENTIFIER = AA.Piano;
				PRODUCT_NAME = "$(TARGET_NAME)";
			};
			name = Release;
		};
/* End XCBuildConfiguration section */

/* Begin XCConfigurationList section */
		6DD2896B1E897A5400DDE065 /* Build configuration list for PBXProject "Piano" */ = {
			isa = XCConfigurationList;
			buildConfigurations = (
				6DD289881E897A5400DDE065 /* Debug */,
				6DD289891E897A5400DDE065 /* Release */,
			);
			defaultConfigurationIsVisible = 0;
			defaultConfigurationName = Release;
		};
		6DD2898A1E897A5400DDE065 /* Build configuration list for PBXNativeTarget "Piano" */ = {
			isa = XCConfigurationList;
			buildConfigurations = (
				6DD2898B1E897A5400DDE065 /* Debug */,
				6DD2898C1E897A5400DDE065 /* Release */,
			);
			defaultConfigurationIsVisible = 0;
			defaultConfigurationName = Release;
		};
/* End XCConfigurationList section */

/* Begin XCVersionGroup section */
		6DD2897F1E897A5400DDE065 /* Piano.xcdatamodeld */ = {
			isa = XCVersionGroup;
			children = (
				6DD289801E897A5400DDE065 /* Piano.xcdatamodel */,
			);
			currentVersion = 6DD289801E897A5400DDE065 /* Piano.xcdatamodel */;
			path = Piano.xcdatamodeld;
			sourceTree = "<group>";
			versionGroupType = wrapper.xcdatamodel;
		};
/* End XCVersionGroup section */
	};
	rootObject = 6DD289681E897A5400DDE065 /* Project object */;
}
